// !$*UTF8*$!
{
	archiveVersion = 1;
	classes = {
	};
	objectVersion = 77;
	objects = {

/* Begin PBXBuildFile section */
		3B4AFE1E2E844FFF00501E36 /* Alamofire in Frameworks */ = {isa = PBXBuildFile; productRef = 3B4AFE1D2E844FFF00501E36 /* Alamofire */; };
		3B7D90222E84DDC400AE4D68 /* RealmSwift in Frameworks */ = {isa = PBXBuildFile; productRef = 3B7D90212E84DDC400AE4D68 /* RealmSwift */; };
/* End PBXBuildFile section */

/* Begin PBXContainerItemProxy section */
		3B38792E2E7EFA46007422A6 /* PBXContainerItemProxy */ = {
			isa = PBXContainerItemProxy;
			containerPortal = 3B38790F2E7EFA43007422A6 /* Project object */;
			proxyType = 1;
			remoteGlobalIDString = 3B3879162E7EFA43007422A6;
			remoteInfo = CwCurrencyConverter;
		};
		3B3879382E7EFA46007422A6 /* PBXContainerItemProxy */ = {
			isa = PBXContainerItemProxy;
			containerPortal = 3B38790F2E7EFA43007422A6 /* Project object */;
			proxyType = 1;
			remoteGlobalIDString = 3B3879162E7EFA43007422A6;
			remoteInfo = CwCurrencyConverter;
		};
/* End PBXContainerItemProxy section */

/* Begin PBXFileReference section */
		3B3879172E7EFA43007422A6 /* CwCurrencyConverter.app */ = {isa = PBXFileReference; explicitFileType = wrapper.application; includeInIndex = 0; path = CwCurrencyConverter.app; sourceTree = BUILT_PRODUCTS_DIR; };
		3B38792D2E7EFA46007422A6 /* CwCurrencyConverterTests.xctest */ = {isa = PBXFileReference; explicitFileType = wrapper.cfbundle; includeInIndex = 0; path = CwCurrencyConverterTests.xctest; sourceTree = BUILT_PRODUCTS_DIR; };
		3B3879372E7EFA46007422A6 /* CwCurrencyConverterUITests.xctest */ = {isa = PBXFileReference; explicitFileType = wrapper.cfbundle; includeInIndex = 0; path = CwCurrencyConverterUITests.xctest; sourceTree = BUILT_PRODUCTS_DIR; };
/* End PBXFileReference section */

/* Begin PBXFileSystemSynchronizedBuildFileExceptionSet section */
		3B387B2D2E7F67D5007422A6 /* Exceptions for "CwCurrencyConverter" folder in "CwCurrencyConverter" target */ = {
			isa = PBXFileSystemSynchronizedBuildFileExceptionSet;
			membershipExceptions = (
				Files/Info.plist,
			);
			target = 3B3879162E7EFA43007422A6 /* CwCurrencyConverter */;
		};
/* End PBXFileSystemSynchronizedBuildFileExceptionSet section */

/* Begin PBXFileSystemSynchronizedRootGroup section */
		3B3879192E7EFA43007422A6 /* CwCurrencyConverter */ = {
			isa = PBXFileSystemSynchronizedRootGroup;
			exceptions = (
				3B387B2D2E7F67D5007422A6 /* Exceptions for "CwCurrencyConverter" folder in "CwCurrencyConverter" target */,
			);
			path = CwCurrencyConverter;
			sourceTree = "<group>";
		};
		3B3879302E7EFA46007422A6 /* CwCurrencyConverterTests */ = {
			isa = PBXFileSystemSynchronizedRootGroup;
			path = CwCurrencyConverterTests;
			sourceTree = "<group>";
		};
		3B38793A2E7EFA46007422A6 /* CwCurrencyConverterUITests */ = {
			isa = PBXFileSystemSynchronizedRootGroup;
			path = CwCurrencyConverterUITests;
			sourceTree = "<group>";
		};
/* End PBXFileSystemSynchronizedRootGroup section */

/* Begin PBXFrameworksBuildPhase section */
		3B3879142E7EFA43007422A6 /* Frameworks */ = {
			isa = PBXFrameworksBuildPhase;
			buildActionMask = 2147483647;
			files = (
				3B7D90222E84DDC400AE4D68 /* RealmSwift in Frameworks */,
				3B4AFE1E2E844FFF00501E36 /* Alamofire in Frameworks */,
			);
			runOnlyForDeploymentPostprocessing = 0;
		};
		3B38792A2E7EFA46007422A6 /* Frameworks */ = {
			isa = PBXFrameworksBuildPhase;
			buildActionMask = 2147483647;
			files = (
			);
			runOnlyForDeploymentPostprocessing = 0;
		};
		3B3879342E7EFA46007422A6 /* Frameworks */ = {
			isa = PBXFrameworksBuildPhase;
			buildActionMask = 2147483647;
			files = (
			);
			runOnlyForDeploymentPostprocessing = 0;
		};
/* End PBXFrameworksBuildPhase section */

/* Begin PBXGroup section */
		3B38790E2E7EFA43007422A6 = {
			isa = PBXGroup;
			children = (
				3B3879192E7EFA43007422A6 /* CwCurrencyConverter */,
				3B3879302E7EFA46007422A6 /* CwCurrencyConverterTests */,
				3B38793A2E7EFA46007422A6 /* CwCurrencyConverterUITests */,
				3B3879182E7EFA43007422A6 /* Products */,
			);
			sourceTree = "<group>";
		};
		3B3879182E7EFA43007422A6 /* Products */ = {
			isa = PBXGroup;
			children = (
				3B3879172E7EFA43007422A6 /* CwCurrencyConverter.app */,
				3B38792D2E7EFA46007422A6 /* CwCurrencyConverterTests.xctest */,
				3B3879372E7EFA46007422A6 /* CwCurrencyConverterUITests.xctest */,
			);
			name = Products;
			sourceTree = "<group>";
		};
/* End PBXGroup section */

/* Begin PBXNativeTarget section */
		3B3879162E7EFA43007422A6 /* CwCurrencyConverter */ = {
			isa = PBXNativeTarget;
			buildConfigurationList = 3B3879402E7EFA46007422A6 /* Build configuration list for PBXNativeTarget "CwCurrencyConverter" */;
			buildPhases = (
				3B3879132E7EFA43007422A6 /* Sources */,
				3B3879142E7EFA43007422A6 /* Frameworks */,
				3B3879152E7EFA43007422A6 /* Resources */,
			);
			buildRules = (
			);
			dependencies = (
			);
			fileSystemSynchronizedGroups = (
				3B3879192E7EFA43007422A6 /* CwCurrencyConverter */,
			);
			name = CwCurrencyConverter;
			packageProductDependencies = (
				3B4AFE1D2E844FFF00501E36 /* Alamofire */,
				3B7D90212E84DDC400AE4D68 /* RealmSwift */,
			);
			productName = CwCurrencyConverter;
			productReference = 3B3879172E7EFA43007422A6 /* CwCurrencyConverter.app */;
			productType = "com.apple.product-type.application";
		};
		3B38792C2E7EFA46007422A6 /* CwCurrencyConverterTests */ = {
			isa = PBXNativeTarget;
			buildConfigurationList = 3B3879452E7EFA46007422A6 /* Build configuration list for PBXNativeTarget "CwCurrencyConverterTests" */;
			buildPhases = (
				3B3879292E7EFA46007422A6 /* Sources */,
				3B38792A2E7EFA46007422A6 /* Frameworks */,
				3B38792B2E7EFA46007422A6 /* Resources */,
			);
			buildRules = (
			);
			dependencies = (
				3B38792F2E7EFA46007422A6 /* PBXTargetDependency */,
			);
			fileSystemSynchronizedGroups = (
				3B3879302E7EFA46007422A6 /* CwCurrencyConverterTests */,
			);
			name = CwCurrencyConverterTests;
			packageProductDependencies = (
			);
			productName = CwCurrencyConverterTests;
			productReference = 3B38792D2E7EFA46007422A6 /* CwCurrencyConverterTests.xctest */;
			productType = "com.apple.product-type.bundle.unit-test";
		};
		3B3879362E7EFA46007422A6 /* CwCurrencyConverterUITests */ = {
			isa = PBXNativeTarget;
			buildConfigurationList = 3B3879482E7EFA46007422A6 /* Build configuration list for PBXNativeTarget "CwCurrencyConverterUITests" */;
			buildPhases = (
				3B3879332E7EFA46007422A6 /* Sources */,
				3B3879342E7EFA46007422A6 /* Frameworks */,
				3B3879352E7EFA46007422A6 /* Resources */,
			);
			buildRules = (
			);
			dependencies = (
				3B3879392E7EFA46007422A6 /* PBXTargetDependency */,
			);
			fileSystemSynchronizedGroups = (
				3B38793A2E7EFA46007422A6 /* CwCurrencyConverterUITests */,
			);
			name = CwCurrencyConverterUITests;
			packageProductDependencies = (
			);
			productName = CwCurrencyConverterUITests;
			productReference = 3B3879372E7EFA46007422A6 /* CwCurrencyConverterUITests.xctest */;
			productType = "com.apple.product-type.bundle.ui-testing";
		};
/* End PBXNativeTarget section */

/* Begin PBXProject section */
		3B38790F2E7EFA43007422A6 /* Project object */ = {
			isa = PBXProject;
			attributes = {
				BuildIndependentTargetsInParallel = 1;
				LastSwiftUpdateCheck = 1620;
				LastUpgradeCheck = 1620;
				TargetAttributes = {
					3B3879162E7EFA43007422A6 = {
						CreatedOnToolsVersion = 16.2;
					};
					3B38792C2E7EFA46007422A6 = {
						CreatedOnToolsVersion = 16.2;
						TestTargetID = 3B3879162E7EFA43007422A6;
					};
					3B3879362E7EFA46007422A6 = {
						CreatedOnToolsVersion = 16.2;
						TestTargetID = 3B3879162E7EFA43007422A6;
					};
				};
			};
			buildConfigurationList = 3B3879122E7EFA43007422A6 /* Build configuration list for PBXProject "CwCurrencyConverter" */;
			developmentRegion = en;
			hasScannedForEncodings = 0;
			knownRegions = (
				en,
				Base,
			);
			mainGroup = 3B38790E2E7EFA43007422A6;
			minimizedProjectReferenceProxies = 1;
			packageReferences = (
				3B4AFE1C2E844FFF00501E36 /* XCRemoteSwiftPackageReference "Alamofire" */,
				3B7D90202E84DDC400AE4D68 /* XCRemoteSwiftPackageReference "realm-swift" */,
			);
			preferredProjectObjectVersion = 77;
			productRefGroup = 3B3879182E7EFA43007422A6 /* Products */;
			projectDirPath = "";
			projectRoot = "";
			targets = (
				3B3879162E7EFA43007422A6 /* CwCurrencyConverter */,
				3B38792C2E7EFA46007422A6 /* CwCurrencyConverterTests */,
				3B3879362E7EFA46007422A6 /* CwCurrencyConverterUITests */,
			);
		};
/* End PBXProject section */

/* Begin PBXResourcesBuildPhase section */
		3B3879152E7EFA43007422A6 /* Resources */ = {
			isa = PBXResourcesBuildPhase;
			buildActionMask = 2147483647;
			files = (
			);
			runOnlyForDeploymentPostprocessing = 0;
		};
		3B38792B2E7EFA46007422A6 /* Resources */ = {
			isa = PBXResourcesBuildPhase;
			buildActionMask = 2147483647;
			files = (
			);
			runOnlyForDeploymentPostprocessing = 0;
		};
		3B3879352E7EFA46007422A6 /* Resources */ = {
			isa = PBXResourcesBuildPhase;
			buildActionMask = 2147483647;
			files = (
			);
			runOnlyForDeploymentPostprocessing = 0;
		};
/* End PBXResourcesBuildPhase section */

/* Begin PBXSourcesBuildPhase section */
		3B3879132E7EFA43007422A6 /* Sources */ = {
			isa = PBXSourcesBuildPhase;
			buildActionMask = 2147483647;
			files = (
			);
			runOnlyForDeploymentPostprocessing = 0;
		};
		3B3879292E7EFA46007422A6 /* Sources */ = {
			isa = PBXSourcesBuildPhase;
			buildActionMask = 2147483647;
			files = (
			);
			runOnlyForDeploymentPostprocessing = 0;
		};
		3B3879332E7EFA46007422A6 /* Sources */ = {
			isa = PBXSourcesBuildPhase;
			buildActionMask = 2147483647;
			files = (
			);
			runOnlyForDeploymentPostprocessing = 0;
		};
/* End PBXSourcesBuildPhase section */

/* Begin PBXTargetDependency section */
		3B38792F2E7EFA46007422A6 /* PBXTargetDependency */ = {
			isa = PBXTargetDependency;
			target = 3B3879162E7EFA43007422A6 /* CwCurrencyConverter */;
			targetProxy = 3B38792E2E7EFA46007422A6 /* PBXContainerItemProxy */;
		};
		3B3879392E7EFA46007422A6 /* PBXTargetDependency */ = {
			isa = PBXTargetDependency;
			target = 3B3879162E7EFA43007422A6 /* CwCurrencyConverter */;
			targetProxy = 3B3879382E7EFA46007422A6 /* PBXContainerItemProxy */;
		};
/* End PBXTargetDependency section */

/* Begin XCBuildConfiguration section */
		3B3879412E7EFA46007422A6 /* Debug */ = {
			isa = XCBuildConfiguration;
			buildSettings = {
				ASSETCATALOG_COMPILER_APPICON_NAME = AppIcon;
				ASSETCATALOG_COMPILER_GLOBAL_ACCENT_COLOR_NAME = AccentColor;
				CODE_SIGN_STYLE = Automatic;
				CURRENT_PROJECT_VERSION = 1;
				DEVELOPMENT_TEAM = 3V9R8JFN46;
				GENERATE_INFOPLIST_FILE = YES;
				INFOPLIST_FILE = CwCurrencyConverter/Files/Info.plist;
				INFOPLIST_KEY_UIApplicationSupportsIndirectInputEvents = YES;
				INFOPLIST_KEY_UILaunchStoryboardName = LaunchScreen;
				INFOPLIST_KEY_UIMainStoryboardFile = Main;
				INFOPLIST_KEY_UISupportedInterfaceOrientations_iPad = "UIInterfaceOrientationPortrait UIInterfaceOrientationPortraitUpsideDown UIInterfaceOrientationLandscapeLeft UIInterfaceOrientationLandscapeRight";
				INFOPLIST_KEY_UISupportedInterfaceOrientations_iPhone = "UIInterfaceOrientationPortrait UIInterfaceOrientationLandscapeLeft UIInterfaceOrientationLandscapeRight";
				LD_RUNPATH_SEARCH_PATHS = (
					"$(inherited)",
					"@executable_path/Frameworks",
				);
				MARKETING_VERSION = 1.0;
				PRODUCT_BUNDLE_IDENTIFIER = com.laidstall.CwCurrencyConverter;
				PRODUCT_NAME = "$(TARGET_NAME)";
				SWIFT_EMIT_LOC_STRINGS = YES;
				SWIFT_VERSION = 5.0;
				TARGETED_DEVICE_FAMILY = "1,2";
			};
			name = Debug;
		};
		3B3879422E7EFA46007422A6 /* Release */ = {
			isa = XCBuildConfiguration;
			buildSettings = {
				ASSETCATALOG_COMPILER_APPICON_NAME = AppIcon;
				ASSETCATALOG_COMPILER_GLOBAL_ACCENT_COLOR_NAME = AccentColor;
				CODE_SIGN_STYLE = Automatic;
				CURRENT_PROJECT_VERSION = 1;
				DEVELOPMENT_TEAM = 3V9R8JFN46;
				GENERATE_INFOPLIST_FILE = YES;
				INFOPLIST_FILE = CwCurrencyConverter/Files/Info.plist;
				INFOPLIST_KEY_UIApplicationSupportsIndirectInputEvents = YES;
				INFOPLIST_KEY_UILaunchStoryboardName = LaunchScreen;
				INFOPLIST_KEY_UIMainStoryboardFile = Main;
				INFOPLIST_KEY_UISupportedInterfaceOrientations_iPad = "UIInterfaceOrientationPortrait UIInterfaceOrientationPortraitUpsideDown UIInterfaceOrientationLandscapeLeft UIInterfaceOrientationLandscapeRight";
				INFOPLIST_KEY_UISupportedInterfaceOrientations_iPhone = "UIInterfaceOrientationPortrait UIInterfaceOrientationLandscapeLeft UIInterfaceOrientationLandscapeRight";
				LD_RUNPATH_SEARCH_PATHS = (
					"$(inherited)",
					"@executable_path/Frameworks",
				);
				MARKETING_VERSION = 1.0;
				PRODUCT_BUNDLE_IDENTIFIER = com.laidstall.CwCurrencyConverter;
				PRODUCT_NAME = "$(TARGET_NAME)";
				SWIFT_EMIT_LOC_STRINGS = YES;
				SWIFT_VERSION = 5.0;
				TARGETED_DEVICE_FAMILY = "1,2";
			};
			name = Release;
		};
		3B3879432E7EFA46007422A6 /* Debug */ = {
			isa = XCBuildConfiguration;
			buildSettings = {
				ALWAYS_SEARCH_USER_PATHS = NO;
				ASSETCATALOG_COMPILER_GENERATE_SWIFT_ASSET_SYMBOL_EXTENSIONS = YES;
				CLANG_ANALYZER_NONNULL = YES;
				CLANG_ANALYZER_NUMBER_OBJECT_CONVERSION = YES_AGGRESSIVE;
				CLANG_CXX_LANGUAGE_STANDARD = "gnu++20";
				CLANG_ENABLE_MODULES = YES;
				CLANG_ENABLE_OBJC_ARC = YES;
				CLANG_ENABLE_OBJC_WEAK = YES;
				CLANG_WARN_BLOCK_CAPTURE_AUTORELEASING = YES;
				CLANG_WARN_BOOL_CONVERSION = YES;
				CLANG_WARN_COMMA = YES;
				CLANG_WARN_CONSTANT_CONVERSION = YES;
				CLANG_WARN_DEPRECATED_OBJC_IMPLEMENTATIONS = YES;
				CLANG_WARN_DIRECT_OBJC_ISA_USAGE = YES_ERROR;
				CLANG_WARN_DOCUMENTATION_COMMENTS = YES;
				CLANG_WARN_EMPTY_BODY = YES;
				CLANG_WARN_ENUM_CONVERSION = YES;
				CLANG_WARN_INFINITE_RECURSION = YES;
				CLANG_WARN_INT_CONVERSION = YES;
				CLANG_WARN_NON_LITERAL_NULL_CONVERSION = YES;
				CLANG_WARN_OBJC_IMPLICIT_RETAIN_SELF = YES;
				CLANG_WARN_OBJC_LITERAL_CONVERSION = YES;
				CLANG_WARN_OBJC_ROOT_CLASS = YES_ERROR;
				CLANG_WARN_QUOTED_INCLUDE_IN_FRAMEWORK_HEADER = YES;
				CLANG_WARN_RANGE_LOOP_ANALYSIS = YES;
				CLANG_WARN_STRICT_PROTOTYPES = YES;
				CLANG_WARN_SUSPICIOUS_MOVE = YES;
				CLANG_WARN_UNGUARDED_AVAILABILITY = YES_AGGRESSIVE;
				CLANG_WARN_UNREACHABLE_CODE = YES;
				CLANG_WARN__DUPLICATE_METHOD_MATCH = YES;
				COPY_PHASE_STRIP = NO;
				DEBUG_INFORMATION_FORMAT = dwarf;
				ENABLE_STRICT_OBJC_MSGSEND = YES;
				ENABLE_TESTABILITY = YES;
				ENABLE_USER_SCRIPT_SANDBOXING = YES;
				GCC_C_LANGUAGE_STANDARD = gnu17;
				GCC_DYNAMIC_NO_PIC = NO;
				GCC_NO_COMMON_BLOCKS = YES;
				GCC_OPTIMIZATION_LEVEL = 0;
				GCC_PREPROCESSOR_DEFINITIONS = (
					"DEBUG=1",
					"$(inherited)",
				);
				GCC_WARN_64_TO_32_BIT_CONVERSION = YES;
				GCC_WARN_ABOUT_RETURN_TYPE = YES_ERROR;
				GCC_WARN_UNDECLARED_SELECTOR = YES;
				GCC_WARN_UNINITIALIZED_AUTOS = YES_AGGRESSIVE;
				GCC_WARN_UNUSED_FUNCTION = YES;
				GCC_WARN_UNUSED_VARIABLE = YES;
				IPHONEOS_DEPLOYMENT_TARGET = 18.2;
				LOCALIZATION_PREFERS_STRING_CATALOGS = YES;
				MTL_ENABLE_DEBUG_INFO = INCLUDE_SOURCE;
				MTL_FAST_MATH = YES;
				ONLY_ACTIVE_ARCH = YES;
				SDKROOT = iphoneos;
				SWIFT_ACTIVE_COMPILATION_CONDITIONS = "DEBUG $(inherited)";
				SWIFT_OPTIMIZATION_LEVEL = "-Onone";
			};
			name = Debug;
		};
		3B3879442E7EFA46007422A6 /* Release */ = {
			isa = XCBuildConfiguration;
			buildSettings = {
				ALWAYS_SEARCH_USER_PATHS = NO;
				ASSETCATALOG_COMPILER_GENERATE_SWIFT_ASSET_SYMBOL_EXTENSIONS = YES;
				CLANG_ANALYZER_NONNULL = YES;
				CLANG_ANALYZER_NUMBER_OBJECT_CONVERSION = YES_AGGRESSIVE;
				CLANG_CXX_LANGUAGE_STANDARD = "gnu++20";
				CLANG_ENABLE_MODULES = YES;
				CLANG_ENABLE_OBJC_ARC = YES;
				CLANG_ENABLE_OBJC_WEAK = YES;
				CLANG_WARN_BLOCK_CAPTURE_AUTORELEASING = YES;
				CLANG_WARN_BOOL_CONVERSION = YES;
				CLANG_WARN_COMMA = YES;
				CLANG_WARN_CONSTANT_CONVERSION = YES;
				CLANG_WARN_DEPRECATED_OBJC_IMPLEMENTATIONS = YES;
				CLANG_WARN_DIRECT_OBJC_ISA_USAGE = YES_ERROR;
				CLANG_WARN_DOCUMENTATION_COMMENTS = YES;
				CLANG_WARN_EMPTY_BODY = YES;
				CLANG_WARN_ENUM_CONVERSION = YES;
				CLANG_WARN_INFINITE_RECURSION = YES;
				CLANG_WARN_INT_CONVERSION = YES;
				CLANG_WARN_NON_LITERAL_NULL_CONVERSION = YES;
				CLANG_WARN_OBJC_IMPLICIT_RETAIN_SELF = YES;
				CLANG_WARN_OBJC_LITERAL_CONVERSION = YES;
				CLANG_WARN_OBJC_ROOT_CLASS = YES_ERROR;
				CLANG_WARN_QUOTED_INCLUDE_IN_FRAMEWORK_HEADER = YES;
				CLANG_WARN_RANGE_LOOP_ANALYSIS = YES;
				CLANG_WARN_STRICT_PROTOTYPES = YES;
				CLANG_WARN_SUSPICIOUS_MOVE = YES;
				CLANG_WARN_UNGUARDED_AVAILABILITY = YES_AGGRESSIVE;
				CLANG_WARN_UNREACHABLE_CODE = YES;
				CLANG_WARN__DUPLICATE_METHOD_MATCH = YES;
				COPY_PHASE_STRIP = NO;
				DEBUG_INFORMATION_FORMAT = "dwarf-with-dsym";
				ENABLE_NS_ASSERTIONS = NO;
				ENABLE_STRICT_OBJC_MSGSEND = YES;
				ENABLE_USER_SCRIPT_SANDBOXING = YES;
				GCC_C_LANGUAGE_STANDARD = gnu17;
				GCC_NO_COMMON_BLOCKS = YES;
				GCC_WARN_64_TO_32_BIT_CONVERSION = YES;
				GCC_WARN_ABOUT_RETURN_TYPE = YES_ERROR;
				GCC_WARN_UNDECLARED_SELECTOR = YES;
				GCC_WARN_UNINITIALIZED_AUTOS = YES_AGGRESSIVE;
				GCC_WARN_UNUSED_FUNCTION = YES;
				GCC_WARN_UNUSED_VARIABLE = YES;
				IPHONEOS_DEPLOYMENT_TARGET = 18.2;
				LOCALIZATION_PREFERS_STRING_CATALOGS = YES;
				MTL_ENABLE_DEBUG_INFO = NO;
				MTL_FAST_MATH = YES;
				SDKROOT = iphoneos;
				SWIFT_COMPILATION_MODE = wholemodule;
				VALIDATE_PRODUCT = YES;
			};
			name = Release;
		};
		3B3879462E7EFA46007422A6 /* Debug */ = {
			isa = XCBuildConfiguration;
			buildSettings = {
				BUNDLE_LOADER = "$(TEST_HOST)";
				CODE_SIGN_STYLE = Automatic;
				CURRENT_PROJECT_VERSION = 1;
				DEVELOPMENT_TEAM = 3V9R8JFN46;
				GENERATE_INFOPLIST_FILE = YES;
				IPHONEOS_DEPLOYMENT_TARGET = 18.2;
				MARKETING_VERSION = 1.0;
				PRODUCT_BUNDLE_IDENTIFIER = com.laidstall.CwCurrencyConverterTests;
				PRODUCT_NAME = "$(TARGET_NAME)";
				SWIFT_EMIT_LOC_STRINGS = NO;
				SWIFT_VERSION = 5.0;
				TARGETED_DEVICE_FAMILY = "1,2";
				TEST_HOST = "$(BUILT_PRODUCTS_DIR)/CwCurrencyConverter.app/$(BUNDLE_EXECUTABLE_FOLDER_PATH)/CwCurrencyConverter";
			};
			name = Debug;
		};
		3B3879472E7EFA46007422A6 /* Release */ = {
			isa = XCBuildConfiguration;
			buildSettings = {
				BUNDLE_LOADER = "$(TEST_HOST)";
				CODE_SIGN_STYLE = Automatic;
				CURRENT_PROJECT_VERSION = 1;
				DEVELOPMENT_TEAM = 3V9R8JFN46;
				GENERATE_INFOPLIST_FILE = YES;
				IPHONEOS_DEPLOYMENT_TARGET = 18.2;
				MARKETING_VERSION = 1.0;
				PRODUCT_BUNDLE_IDENTIFIER = com.laidstall.CwCurrencyConverterTests;
				PRODUCT_NAME = "$(TARGET_NAME)";
				SWIFT_EMIT_LOC_STRINGS = NO;
				SWIFT_VERSION = 5.0;
				TARGETED_DEVICE_FAMILY = "1,2";
				TEST_HOST = "$(BUILT_PRODUCTS_DIR)/CwCurrencyConverter.app/$(BUNDLE_EXECUTABLE_FOLDER_PATH)/CwCurrencyConverter";
			};
			name = Release;
		};
		3B3879492E7EFA46007422A6 /* Debug */ = {
			isa = XCBuildConfiguration;
			buildSettings = {
				CODE_SIGN_STYLE = Automatic;
				CURRENT_PROJECT_VERSION = 1;
				DEVELOPMENT_TEAM = 3V9R8JFN46;
				GENERATE_INFOPLIST_FILE = YES;
				MARKETING_VERSION = 1.0;
				PRODUCT_BUNDLE_IDENTIFIER = com.laidstall.CwCurrencyConverterUITests;
				PRODUCT_NAME = "$(TARGET_NAME)";
				SWIFT_EMIT_LOC_STRINGS = NO;
				SWIFT_VERSION = 5.0;
				TARGETED_DEVICE_FAMILY = "1,2";
				TEST_TARGET_NAME = CwCurrencyConverter;
			};
			name = Debug;
		};
		3B38794A2E7EFA46007422A6 /* Release */ = {
			isa = XCBuildConfiguration;
			buildSettings = {
				CODE_SIGN_STYLE = Automatic;
				CURRENT_PROJECT_VERSION = 1;
				DEVELOPMENT_TEAM = 3V9R8JFN46;
				GENERATE_INFOPLIST_FILE = YES;
				MARKETING_VERSION = 1.0;
				PRODUCT_BUNDLE_IDENTIFIER = com.laidstall.CwCurrencyConverterUITests;
				PRODUCT_NAME = "$(TARGET_NAME)";
				SWIFT_EMIT_LOC_STRINGS = NO;
				SWIFT_VERSION = 5.0;
				TARGETED_DEVICE_FAMILY = "1,2";
				TEST_TARGET_NAME = CwCurrencyConverter;
			};
			name = Release;
		};
/* End XCBuildConfiguration section */

/* Begin XCConfigurationList section */
		3B3879122E7EFA43007422A6 /* Build configuration list for PBXProject "CwCurrencyConverter" */ = {
			isa = XCConfigurationList;
			buildConfigurations = (
				3B3879432E7EFA46007422A6 /* Debug */,
				3B3879442E7EFA46007422A6 /* Release */,
			);
			defaultConfigurationIsVisible = 0;
			defaultConfigurationName = Release;
		};
		3B3879402E7EFA46007422A6 /* Build configuration list for PBXNativeTarget "CwCurrencyConverter" */ = {
			isa = XCConfigurationList;
			buildConfigurations = (
				3B3879412E7EFA46007422A6 /* Debug */,
				3B3879422E7EFA46007422A6 /* Release */,
			);
			defaultConfigurationIsVisible = 0;
			defaultConfigurationName = Release;
		};
		3B3879452E7EFA46007422A6 /* Build configuration list for PBXNativeTarget "CwCurrencyConverterTests" */ = {
			isa = XCConfigurationList;
			buildConfigurations = (
				3B3879462E7EFA46007422A6 /* Debug */,
				3B3879472E7EFA46007422A6 /* Release */,
			);
			defaultConfigurationIsVisible = 0;
			defaultConfigurationName = Release;
		};
		3B3879482E7EFA46007422A6 /* Build configuration list for PBXNativeTarget "CwCurrencyConverterUITests" */ = {
			isa = XCConfigurationList;
			buildConfigurations = (
				3B3879492E7EFA46007422A6 /* Debug */,
				3B38794A2E7EFA46007422A6 /* Release */,
			);
			defaultConfigurationIsVisible = 0;
			defaultConfigurationName = Release;
		};
/* End XCConfigurationList section */

/* Begin XCRemoteSwiftPackageReference section */
		3B4AFE1C2E844FFF00501E36 /* XCRemoteSwiftPackageReference "Alamofire" */ = {
			isa = XCRemoteSwiftPackageReference;
			repositoryURL = "https://github.com/Alamofire/Alamofire.git";
			requirement = {
				kind = upToNextMajorVersion;
				minimumVersion = 5.10.2;
			};
		};
		3B7D90202E84DDC400AE4D68 /* XCRemoteSwiftPackageReference "realm-swift" */ = {
			isa = XCRemoteSwiftPackageReference;
			repositoryURL = "https://github.com/realm/realm-swift.git";
			requirement = {
				branch = master;
				kind = branch;
			};
		};
/* End XCRemoteSwiftPackageReference section */

/* Begin XCSwiftPackageProductDependency section */
		3B4AFE1D2E844FFF00501E36 /* Alamofire */ = {
			isa = XCSwiftPackageProductDependency;
			package = 3B4AFE1C2E844FFF00501E36 /* XCRemoteSwiftPackageReference "Alamofire" */;
			productName = Alamofire;
		};
		3B7D90212E84DDC400AE4D68 /* RealmSwift */ = {
			isa = XCSwiftPackageProductDependency;
			package = 3B7D90202E84DDC400AE4D68 /* XCRemoteSwiftPackageReference "realm-swift" */;
			productName = RealmSwift;
		};
/* End XCSwiftPackageProductDependency section */
	};
	rootObject = 3B38790F2E7EFA43007422A6 /* Project object */;
}
